github.com/kuttiproject/drivercore v0.3.1 h1:2AV16YAkTVzot07HRCgL3TRdaUdPYmcnFnH6OONvduI=
github.com/kuttiproject/drivercore v0.3.1/go.mod h1:TCr2la1NTL2JA/gbxwyAYA9AXVFsSTVLYhIt03HM6gY=
github.com/kuttiproject/kuttilog v0.2.1 h1:7UbyfX8Gxcc89093G9EJO9+35My2ta2phivPOLquqWA=
github.com/kuttiproject/kuttilog v0.2.1/go.mod h1:0vqZ0dekSN6X4Adrmbwaliv1QuogyzjsHHyjBApq6gY=
github.com/kuttiproject/workspace v0.3.1 h1:nf7WqlocjlkY5RPgYT1jA3rwANQacCaOiB7XoghTfG8=
github.com/kuttiproject/workspace v0.3.1/go.mod h1:txrF8EuDRTrujaGnEGbEN39saydwmS6VzEn8q1aQpio=
